
Microsoft Visual Studio Solution File, Format Version 12.00
# Visual Studio Version 16
VisualStudioVersion = 16.0.29215.179
MinimumVisualStudioVersion = 10.0.40219.1
Project("{FAE04EC0-301F-11D3-BF4B-00C04F79EFBC}") = "Gavial.UI", "Gavial\Gavial.UI.csproj", "{629D37CE-1C2F-43C6-87E0-7E5B2EBE09A5}"
EndProject
Project("{FAE04EC0-301F-11D3-BF4B-00C04F79EFBC}") = "GavialServer", "GavialServer\GavialServer.csproj", "{DA8DB41C-F657-4062-91E9-47D41E094EF4}"
EndProject
Global
	GlobalSection(SolutionConfigurationPlatforms) = preSolution
		Debug|Any CPU = Debug|Any CPU
		Release|Any CPU = Release|Any CPU
	EndGlobalSection
	GlobalSection(ProjectConfigurationPlatforms) = postSolution
		{629D37CE-1C2F-43C6-87E0-7E5B2EBE09A5}.Debug|Any CPU.ActiveCfg = Debug|Any CPU
		{629D37CE-1C2F-43C6-87E0-7E5B2EBE09A5}.Debug|Any CPU.Build.0 = Debug|Any CPU
		{629D37CE-1C2F-43C6-87E0-7E5B2EBE09A5}.Release|Any CPU.ActiveCfg = Release|Any CPU
		{629D37CE-1C2F-43C6-87E0-7E5B2EBE09A5}.Release|Any CPU.Build.0 = Release|Any CPU
		{DA8DB41C-F657-4062-91E9-47D41E094EF4}.Debug|Any CPU.ActiveCfg = Debug|Any CPU
		{DA8DB41C-F657-4062-91E9-47D41E094EF4}.Debug|Any CPU.Build.0 = Debug|Any CPU
		{DA8DB41C-F657-4062-91E9-47D41E094EF4}.Release|Any CPU.ActiveCfg = Release|Any CPU
		{DA8DB41C-F657-4062-91E9-47D41E094EF4}.Release|Any CPU.Build.0 = Release|Any CPU
	EndGlobalSection
	GlobalSection(SolutionProperties) = preSolution
		HideSolutionNode = FALSE
	EndGlobalSection
	GlobalSection(ExtensibilityGlobals) = postSolution
		SolutionGuid = {B0D1E5AB-89EF-4306-987C-74C01044511F}
	EndGlobalSection
EndGlobal
